
Microsoft Visual Studio Solution File, Format Version 12.00
# Visual Studio Version 16
VisualStudioVersion = 16.0.31515.178
MinimumVisualStudioVersion = 10.0.40219.1
Project("{FAE04EC0-301F-11D3-BF4B-00C04F79EFBC}") = "C++++ 200제", "C++++ 200제.csproj", "{01A6AA4A-7C66-47B8-BFEF-1075F355C536}"
EndProject
Global
	GlobalSection(SolutionConfigurationPlatforms) = preSolution
		Debug|Any CPU = Debug|Any CPU
		Release|Any CPU = Release|Any CPU
	EndGlobalSection
	GlobalSection(ProjectConfigurationPlatforms) = postSolution
		{01A6AA4A-7C66-47B8-BFEF-1075F355C536}.Debug|Any CPU.ActiveCfg = Debug|Any CPU
		{01A6AA4A-7C66-47B8-BFEF-1075F355C536}.Debug|Any CPU.Build.0 = Debug|Any CPU
		{01A6AA4A-7C66-47B8-BFEF-1075F355C536}.Release|Any CPU.ActiveCfg = Release|Any CPU
		{01A6AA4A-7C66-47B8-BFEF-1075F355C536}.Release|Any CPU.Build.0 = Release|Any CPU
	EndGlobalSection
	GlobalSection(SolutionProperties) = preSolution
		HideSolutionNode = FALSE
	EndGlobalSection
	GlobalSection(ExtensibilityGlobals) = postSolution
		SolutionGuid = {F3A4C43E-94E1-4AE8-8643-3EC8B01808F6}
	EndGlobalSection
EndGlobal
